{
  "name": "vendor",
  "version": "1.0.0",
  "dependencies": {
    "@mapbox/geojsonhint": {
      "version": "2.0.1",
      "from": "@mapbox/geojsonhint@>=2.0.1 <3.0.0",
      "resolved": "https://registry.npmjs.org/@mapbox/geojsonhint/-/geojsonhint-2.0.1.tgz"
    },
    "ansi-regex": {
      "version": "2.1.1",
      "from": "ansi-regex@>=2.0.0 <3.0.0",
      "resolved": "https://registry.npmjs.org/ansi-regex/-/ansi-regex-2.1.1.tgz"
    },
    "ansi-styles": {
      "version": "1.0.0",
      "from": "ansi-styles@>=1.0.0 <1.1.0",
      "resolved": "https://registry.npmjs.org/ansi-styles/-/ansi-styles-1.0.0.tgz"
    },
    "bootstrap": {
      "version": "3.3.7",
      "from": "bootstrap@>=3.3.7 <4.0.0",
      "resolved": "https://registry.npmjs.org/bootstrap/-/bootstrap-3.3.7.tgz"
    },
    "bootstrap-notify": {
      "version": "3.1.3",
      "from": "bootstrap-notify@>=3.1.3 <4.0.0",
      "resolved": "https://registry.npmjs.org/bootstrap-notify/-/bootstrap-notify-3.1.3.tgz"
    },
    "bootstrap-validator": {
      "version": "0.11.9",
      "from": "bootstrap-validator@>=0.11.9 <0.12.0",
      "resolved": "https://registry.npmjs.org/bootstrap-validator/-/bootstrap-validator-0.11.9.tgz"
    },
    "chalk": {
      "version": "0.4.0",
      "from": "chalk@>=0.4.0 <0.5.0",
      "resolved": "https://registry.npmjs.org/chalk/-/chalk-0.4.0.tgz"
    },
    "clipboard": {
      "version": "1.6.1",
      "from": "clipboard@>=1.5.5 <2.0.0",
      "resolved": "https://registry.npmjs.org/clipboard/-/clipboard-1.6.1.tgz",
      "optional": true
    },
    "code-point-at": {
      "version": "1.1.0",
      "from": "code-point-at@>=1.0.0 <2.0.0",
      "resolved": "https://registry.npmjs.org/code-point-at/-/code-point-at-1.1.0.tgz"
    },
    "codeflask": {
      "version": "0.2.0",
      "from": "codeflask@>=0.2.0 <0.3.0",
      "resolved": "https://registry.npmjs.org/codeflask/-/codeflask-0.2.0.tgz"
    },
    "concat-stream": {
      "version": "1.5.2",
      "from": "concat-stream@>=1.5.1 <1.6.0",
      "resolved": "https://registry.npmjs.org/concat-stream/-/concat-stream-1.5.2.tgz"
    },
    "core-util-is": {
      "version": "1.0.2",
      "from": "core-util-is@>=1.0.0 <1.1.0",
      "resolved": "https://registry.npmjs.org/core-util-is/-/core-util-is-1.0.2.tgz"
    },
    "delegate": {
      "version": "3.1.2",
      "from": "delegate@>=3.1.2 <4.0.0",
      "resolved": "https://registry.npmjs.org/delegate/-/delegate-3.1.2.tgz",
      "optional": true
    },
    "escape-string-regexp": {
      "version": "1.0.5",
      "from": "escape-string-regexp@>=1.0.2 <2.0.0",
      "resolved": "https://registry.npmjs.org/escape-string-regexp/-/escape-string-regexp-1.0.5.tgz"
    },
    "function-bind": {
      "version": "1.1.0",
      "from": "function-bind@>=1.0.2 <2.0.0",
      "resolved": "https://registry.npmjs.org/function-bind/-/function-bind-1.1.0.tgz"
    },
    "good-listener": {
      "version": "1.2.2",
      "from": "good-listener@>=1.2.0 <2.0.0",
      "resolved": "https://registry.npmjs.org/good-listener/-/good-listener-1.2.2.tgz",
      "optional": true
    },
    "has": {
      "version": "1.0.1",
      "from": "has@>=1.0.1 <2.0.0",
      "resolved": "https://registry.npmjs.org/has/-/has-1.0.1.tgz"
    },
    "has-ansi": {
      "version": "2.0.0",
      "from": "has-ansi@>=2.0.0 <3.0.0",
      "resolved": "https://registry.npmjs.org/has-ansi/-/has-ansi-2.0.0.tgz"
    },
    "has-color": {
      "version": "0.1.7",
      "from": "has-color@>=0.1.0 <0.2.0",
      "resolved": "https://registry.npmjs.org/has-color/-/has-color-0.1.7.tgz"
    },
    "inherits": {
      "version": "2.0.3",
      "from": "inherits@>=2.0.1 <2.1.0",
      "resolved": "https://registry.npmjs.org/inherits/-/inherits-2.0.3.tgz"
    },
    "irregular-plurals": {
      "version": "1.2.0",
      "from": "irregular-plurals@>=1.0.0 <2.0.0",
      "resolved": "https://registry.npmjs.org/irregular-plurals/-/irregular-plurals-1.2.0.tgz"
    },
    "is-buffer": {
      "version": "1.1.5",
      "from": "is-buffer@>=1.1.4 <2.0.0",
      "resolved": "https://registry.npmjs.org/is-buffer/-/is-buffer-1.1.5.tgz"
    },
    "is-fullwidth-code-point": {
      "version": "1.0.0",
      "from": "is-fullwidth-code-point@>=1.0.0 <2.0.0",
      "resolved": "https://registry.npmjs.org/is-fullwidth-code-point/-/is-fullwidth-code-point-1.0.0.tgz"
    },
    "isarray": {
      "version": "1.0.0",
      "from": "isarray@>=1.0.0 <1.1.0",
      "resolved": "https://registry.npmjs.org/isarray/-/isarray-1.0.0.tgz"
    },
    "jquery": {
      "version": "3.2.1",
      "from": "jquery@>=3.2.1 <4.0.0",
      "resolved": "https://registry.npmjs.org/jquery/-/jquery-3.2.1.tgz"
    },
    "jsonlint-lines": {
      "version": "1.7.1",
      "from": "jsonlint-lines@1.7.1",
      "resolved": "https://registry.npmjs.org/jsonlint-lines/-/jsonlint-lines-1.7.1.tgz"
    },
    "JSV": {
      "version": "4.0.2",
      "from": "JSV@>=4.0.0",
      "resolved": "https://registry.npmjs.org/JSV/-/JSV-4.0.2.tgz"
    },
    "leaflet": {
      "version": "1.0.3",
      "from": "leaflet@>=1.0.3 <2.0.0",
      "resolved": "https://registry.npmjs.org/leaflet/-/leaflet-1.0.3.tgz"
    },
    "leaflet-draw": {
      "version": "0.4.9",
      "from": "leaflet-draw@>=0.4.9 <0.5.0",
      "resolved": "https://registry.npmjs.org/leaflet-draw/-/leaflet-draw-0.4.9.tgz"
    },
    "log-symbols": {
      "version": "1.0.2",
      "from": "log-symbols@>=1.0.2 <2.0.0",
      "resolved": "https://registry.npmjs.org/log-symbols/-/log-symbols-1.0.2.tgz",
      "dependencies": {
        "ansi-styles": {
          "version": "2.2.1",
          "from": "ansi-styles@>=2.2.1 <3.0.0",
          "resolved": "https://registry.npmjs.org/ansi-styles/-/ansi-styles-2.2.1.tgz"
        },
        "chalk": {
          "version": "1.1.3",
          "from": "chalk@>=1.0.0 <2.0.0",
          "resolved": "https://registry.npmjs.org/chalk/-/chalk-1.1.3.tgz"
        },
        "strip-ansi": {
          "version": "3.0.1",
          "from": "strip-ansi@>=3.0.0 <4.0.0",
          "resolved": "https://registry.npmjs.org/strip-ansi/-/strip-ansi-3.0.1.tgz"
        }
      }
    },
    "mgrs": {
      "version": "1.0.0",
      "from": "mgrs@1.0.0",
      "resolved": "https://registry.npmjs.org/mgrs/-/mgrs-1.0.0.tgz"
    },
    "minimist": {
      "version": "1.2.0",
      "from": "minimist@1.2.0",
      "resolved": "https://registry.npmjs.org/minimist/-/minimist-1.2.0.tgz"
    },
    "nomnom": {
      "version": "1.8.1",
      "from": "nomnom@>=1.5.0",
      "resolved": "https://registry.npmjs.org/nomnom/-/nomnom-1.8.1.tgz"
    },
    "number-is-nan": {
      "version": "1.0.1",
      "from": "number-is-nan@>=1.0.0 <2.0.0",
      "resolved": "https://registry.npmjs.org/number-is-nan/-/number-is-nan-1.0.1.tgz"
    },
    "plur": {
      "version": "2.1.2",
      "from": "plur@>=2.0.0 <3.0.0",
      "resolved": "https://registry.npmjs.org/plur/-/plur-2.1.2.tgz"
    },
    "prismjs": {
      "version": "1.6.0",
      "from": "prismjs@>=1.6.0 <2.0.0",
      "resolved": "https://registry.npmjs.org/prismjs/-/prismjs-1.6.0.tgz"
    },
    "process-nextick-args": {
      "version": "1.0.7",
      "from": "process-nextick-args@>=1.0.6 <1.1.0",
      "resolved": "https://registry.npmjs.org/process-nextick-args/-/process-nextick-args-1.0.7.tgz"
    },
    "proj4": {
      "version": "2.4.3",
      "from": "proj4@>=2.4.3 <3.0.0",
      "resolved": "https://registry.npmjs.org/proj4/-/proj4-2.4.3.tgz"
    },
    "readable-stream": {
      "version": "2.0.6",
      "from": "readable-stream@>=2.0.0 <2.1.0",
      "resolved": "https://registry.npmjs.org/readable-stream/-/readable-stream-2.0.6.tgz"
    },
    "repeat-string": {
      "version": "1.6.1",
      "from": "repeat-string@>=1.5.0 <2.0.0",
      "resolved": "https://registry.npmjs.org/repeat-string/-/repeat-string-1.6.1.tgz"
    },
    "replace-ext": {
      "version": "1.0.0",
      "from": "replace-ext@1.0.0",
      "resolved": "https://registry.npmjs.org/replace-ext/-/replace-ext-1.0.0.tgz"
    },
    "select": {
      "version": "1.1.2",
      "from": "select@>=1.1.2 <2.0.0",
      "resolved": "https://registry.npmjs.org/select/-/select-1.1.2.tgz",
      "optional": true
    },
    "string_decoder": {
      "version": "0.10.31",
      "from": "string_decoder@>=0.10.0 <0.11.0",
      "resolved": "https://registry.npmjs.org/string_decoder/-/string_decoder-0.10.31.tgz"
    },
    "string-width": {
      "version": "1.0.2",
      "from": "string-width@>=1.0.0 <2.0.0",
      "resolved": "https://registry.npmjs.org/string-width/-/string-width-1.0.2.tgz",
      "dependencies": {
        "strip-ansi": {
          "version": "3.0.1",
          "from": "strip-ansi@>=3.0.0 <4.0.0",
          "resolved": "https://registry.npmjs.org/strip-ansi/-/strip-ansi-3.0.1.tgz"
        }
      }
    },
    "strip-ansi": {
      "version": "0.1.1",
      "from": "strip-ansi@>=0.1.0 <0.2.0",
      "resolved": "https://registry.npmjs.org/strip-ansi/-/strip-ansi-0.1.1.tgz"
    },
    "supports-color": {
      "version": "2.0.0",
      "from": "supports-color@>=2.0.0 <3.0.0",
      "resolved": "https://registry.npmjs.org/supports-color/-/supports-color-2.0.0.tgz"
    },
    "tiny-emitter": {
      "version": "1.2.0",
      "from": "tiny-emitter@>=1.0.0 <2.0.0",
      "resolved": "https://registry.npmjs.org/tiny-emitter/-/tiny-emitter-1.2.0.tgz",
      "optional": true
    },
    "trim": {
      "version": "0.0.1",
      "from": "trim@0.0.1",
      "resolved": "https://registry.npmjs.org/trim/-/trim-0.0.1.tgz"
    },
    "typedarray": {
      "version": "0.0.6",
      "from": "typedarray@>=0.0.5 <0.1.0",
      "resolved": "https://registry.npmjs.org/typedarray/-/typedarray-0.0.6.tgz"
    },
    "underscore": {
      "version": "1.6.0",
      "from": "underscore@>=1.6.0 <1.7.0",
      "resolved": "https://registry.npmjs.org/underscore/-/underscore-1.6.0.tgz"
    },
    "unist-util-stringify-position": {
      "version": "1.1.0",
      "from": "unist-util-stringify-position@>=1.0.0 <2.0.0",
      "resolved": "https://registry.npmjs.org/unist-util-stringify-position/-/unist-util-stringify-position-1.1.0.tgz"
    },
    "util-deprecate": {
      "version": "1.0.2",
      "from": "util-deprecate@>=1.0.1 <1.1.0",
      "resolved": "https://registry.npmjs.org/util-deprecate/-/util-deprecate-1.0.2.tgz"
    },
    "vfile": {
      "version": "2.0.0",
      "from": "vfile@2.0.0",
      "resolved": "https://registry.npmjs.org/vfile/-/vfile-2.0.0.tgz"
    },
    "vfile-reporter": {
      "version": "3.0.0",
      "from": "vfile-reporter@3.0.0",
      "resolved": "https://registry.npmjs.org/vfile-reporter/-/vfile-reporter-3.0.0.tgz",
      "dependencies": {
        "ansi-styles": {
          "version": "2.2.1",
          "from": "ansi-styles@>=2.2.1 <3.0.0",
          "resolved": "https://registry.npmjs.org/ansi-styles/-/ansi-styles-2.2.1.tgz"
        },
        "chalk": {
          "version": "1.1.3",
          "from": "chalk@>=1.1.0 <2.0.0",
          "resolved": "https://registry.npmjs.org/chalk/-/chalk-1.1.3.tgz"
        },
        "strip-ansi": {
          "version": "3.0.1",
          "from": "strip-ansi@>=3.0.1 <4.0.0",
          "resolved": "https://registry.npmjs.org/strip-ansi/-/strip-ansi-3.0.1.tgz"
        }
      }
    },
    "wkt-parser": {
      "version": "1.2.0",
      "from": "wkt-parser@>=1.1.3 <2.0.0",
      "resolved": "https://registry.npmjs.org/wkt-parser/-/wkt-parser-1.2.0.tgz"
    },
    "x-is-string": {
      "version": "0.1.0",
      "from": "x-is-string@>=0.1.0 <0.2.0",
      "resolved": "https://registry.npmjs.org/x-is-string/-/x-is-string-0.1.0.tgz"
    }
  }
}
